
Microsoft Visual Studio Solution File, Format Version 12.00
# Visual Studio Version 17
VisualStudioVersion = 17.4.33213.308
MinimumVisualStudioVersion = 10.0.40219.1
Project("{9A19103F-16F7-4668-BE54-9A1E7A4F7556}") = "Demo", "Demo\Demo.csproj", "{7464A0BD-69E4-46B2-8286-3E406BB132CE}"
EndProject
Project("{FAE04EC0-301F-11D3-BF4B-00C04F79EFBC}") = "Plastic.Framework", "Plastic.Framework\Plastic.Framework.csproj", "{6ABC31D2-2D7B-4CF0-8860-04C5E0742764}"
EndProject
Global
	GlobalSection(SolutionConfigurationPlatforms) = preSolution
		Debug|Any CPU = Debug|Any CPU
		Release|Any CPU = Release|Any CPU
	EndGlobalSection
	GlobalSection(ProjectConfigurationPlatforms) = postSolution
		{7464A0BD-69E4-46B2-8286-3E406BB132CE}.Debug|Any CPU.ActiveCfg = Debug|Any CPU
		{7464A0BD-69E4-46B2-8286-3E406BB132CE}.Debug|Any CPU.Build.0 = Debug|Any CPU
		{7464A0BD-69E4-46B2-8286-3E406BB132CE}.Release|Any CPU.ActiveCfg = Release|Any CPU
		{7464A0BD-69E4-46B2-8286-3E406BB132CE}.Release|Any CPU.Build.0 = Release|Any CPU
		{6ABC31D2-2D7B-4CF0-8860-04C5E0742764}.Debug|Any CPU.ActiveCfg = Debug|Any CPU
		{6ABC31D2-2D7B-4CF0-8860-04C5E0742764}.Debug|Any CPU.Build.0 = Debug|Any CPU
		{6ABC31D2-2D7B-4CF0-8860-04C5E0742764}.Release|Any CPU.ActiveCfg = Release|Any CPU
		{6ABC31D2-2D7B-4CF0-8860-04C5E0742764}.Release|Any CPU.Build.0 = Release|Any CPU
	EndGlobalSection
	GlobalSection(SolutionProperties) = preSolution
		HideSolutionNode = FALSE
	EndGlobalSection
	GlobalSection(ExtensibilityGlobals) = postSolution
		SolutionGuid = {BC3F45A2-CED0-4B6B-807D-C4CCE77080B7}
	EndGlobalSection
EndGlobal
