
Microsoft Visual Studio Solution File, Format Version 12.00
# Visual Studio Version 17
VisualStudioVersion = 17.4.33213.308
MinimumVisualStudioVersion = 10.0.40219.1
Project("{FAE04EC0-301F-11D3-BF4B-00C04F79EFBC}") = "Plastic", "Button\Plastic.csproj", "{33766B52-D405-4E59-BB9E-7B0DD9DF9179}"
EndProject
Project("{FAE04EC0-301F-11D3-BF4B-00C04F79EFBC}") = "Demo", "Demo\Demo.csproj", "{7464A0BD-69E4-46B2-8286-3E406BB132CE}"
EndProject
Global
	GlobalSection(SolutionConfigurationPlatforms) = preSolution
		Debug|Any CPU = Debug|Any CPU
		Release|Any CPU = Release|Any CPU
	EndGlobalSection
	GlobalSection(ProjectConfigurationPlatforms) = postSolution
		{33766B52-D405-4E59-BB9E-7B0DD9DF9179}.Debug|Any CPU.ActiveCfg = Debug|Any CPU
		{33766B52-D405-4E59-BB9E-7B0DD9DF9179}.Debug|Any CPU.Build.0 = Debug|Any CPU
		{33766B52-D405-4E59-BB9E-7B0DD9DF9179}.Release|Any CPU.ActiveCfg = Release|Any CPU
		{33766B52-D405-4E59-BB9E-7B0DD9DF9179}.Release|Any CPU.Build.0 = Release|Any CPU
		{7464A0BD-69E4-46B2-8286-3E406BB132CE}.Debug|Any CPU.ActiveCfg = Debug|Any CPU
		{7464A0BD-69E4-46B2-8286-3E406BB132CE}.Debug|Any CPU.Build.0 = Debug|Any CPU
		{7464A0BD-69E4-46B2-8286-3E406BB132CE}.Release|Any CPU.ActiveCfg = Release|Any CPU
		{7464A0BD-69E4-46B2-8286-3E406BB132CE}.Release|Any CPU.Build.0 = Release|Any CPU
	EndGlobalSection
	GlobalSection(SolutionProperties) = preSolution
		HideSolutionNode = FALSE
	EndGlobalSection
	GlobalSection(ExtensibilityGlobals) = postSolution
		SolutionGuid = {BC3F45A2-CED0-4B6B-807D-C4CCE77080B7}
	EndGlobalSection
EndGlobal
